{
  "version": "5",
  "specifiers": {
    "jsr:@david/dax@0.42.0": "0.42.0",
    "jsr:@david/path@0.2": "0.2.0",
    "jsr:@david/which@0.4.2": "0.4.2",
    "jsr:@david/which@~0.4.1": "0.4.2",
    "jsr:@duesabati/evento@1": "1.0.0",
    "jsr:@ensemble/core@0.19": "0.19.0",
    "jsr:@ensemble/host@0.19": "0.19.0",
    "jsr:@ensemble/kit-sdk@*": "0.19.0",
    "jsr:@std/assert@0.221": "0.221.0",
    "jsr:@std/assert@1.0.14": "1.0.14",
    "jsr:@std/assert@^1.0.15": "1.0.19",
    "jsr:@std/assert@^1.0.19": "1.0.19",
    "jsr:@std/async@^1.0.15": "1.5.0",
    "jsr:@std/bytes@0.221": "0.221.0",
    "jsr:@std/cli@1.0.32": "1.0.32",
    "jsr:@std/collections@^1.1.3": "1.3.0",
    "jsr:@std/data-structures@^1.0.9": "1.1.2",
    "jsr:@std/dotenv@0.225.5": "0.225.5",
    "jsr:@std/encoding@^1.0.10": "1.0.11",
    "jsr:@std/fmt@1": "1.0.10",
    "jsr:@std/fmt@1.0.10": "1.0.10",
    "jsr:@std/fs@1": "1.0.24",
    "jsr:@std/fs@1.0.24": "1.0.24",
    "jsr:@std/fs@^1.0.19": "1.0.24",
    "jsr:@std/internal@^1.0.10": "1.0.14",
    "jsr:@std/internal@^1.0.12": "1.0.14",
    "jsr:@std/internal@^1.0.14": "1.0.14",
    "jsr:@std/io@0.221": "0.221.0",
    "jsr:@std/path@1": "1.1.6",
    "jsr:@std/path@1.1.6": "1.1.6",
    "jsr:@std/path@^1.1.2": "1.1.6",
    "jsr:@std/path@^1.1.5": "1.1.6",
    "jsr:@std/streams@0.221": "0.221.0",
    "jsr:@std/streams@^1.0.17": "1.1.2",
    "jsr:@std/tar@*": "0.1.10",
    "jsr:@std/tar@~0.1.10": "0.1.10",
    "jsr:@std/testing@1.0.16": "1.0.16",
    "jsr:@std/toml@1": "1.0.11",
    "jsr:@std/yaml@1": "1.1.2",
    "jsr:@std/yaml@1.1.2": "1.1.2",
    "npm:@base-ui/react@1.6.0": "1.6.0_@types+react@19.2.17_react@19.2.8_react-dom@19.2.8",
    "npm:@open-policy-agent/opa-wasm@1.10.0": "1.10.0",
    "npm:@types/react-dom@19": "19.2.3_@types+react@19.2.17",
    "npm:@types/react@19": "19.2.17",
    "npm:class-variance-authority@0.7.1": "0.7.1",
    "npm:clsx@2.1.1": "2.1.1",
    "npm:lucide-react@1.28.0": "1.28.0_react@19.2.8",
    "npm:path-to-regexp@8": "8.4.2",
    "npm:path-to-regexp@8.4.2": "8.4.2",
    "npm:react-dom@19.2.8": "19.2.8_react@19.2.8",
    "npm:react@19.2.8": "19.2.8",
    "npm:tailwind-merge@3.6.0": "3.6.0"
  },
  "jsr": {
    "@david/dax@0.42.0": {
      "integrity": "0c547c9a20577a6072b90def194c159c9ddab82280285ebfd8268a4ebefbd80b",
      "dependencies": [
        "jsr:@david/path",
        "jsr:@david/which@~0.4.1",
        "jsr:@std/fmt@1",
        "jsr:@std/fs@1",
        "jsr:@std/io",
        "jsr:@std/path@1",
        "jsr:@std/streams@0.221"
      ]
    },
    "@david/path@0.2.0": {
      "integrity": "f2d7aa7f02ce5a55e27c09f9f1381794acb09d328f8d3c8a2e3ab3ffc294dccd",
      "dependencies": [
        "jsr:@std/fs@1",
        "jsr:@std/path@1"
      ]
    },
    "@david/which@0.4.2": {
      "integrity": "440ee262bc0673b57a39ad4d0dc5673e515ddd41c049a55b2588a0881e5d4a8c"
    },
    "@duesabati/evento@1.0.0": {
      "integrity": "7459da8806cf41e417aa8e249f9d3f1fbcd273fafcf7760020f0868776cad2e3"
    },
    "@ensemble/core@0.19.0": {
      "integrity": "b2b4dc5b4874a50ff29731fb6b382ce18ecaa7f649e016dfbde22d1d106a401d",
      "dependencies": [
        "jsr:@std/cli",
        "jsr:@std/dotenv",
        "jsr:@std/fs@1.0.24",
        "jsr:@std/path@1.1.6",
        "jsr:@std/yaml@1.1.2"
      ]
    },
    "@ensemble/host@0.19.0": {
      "integrity": "2b7617abdde0cd0c85f7f1d95467b397a0e5cffd079c2006707d0f4aecf9ffad",
      "dependencies": [
        "jsr:@david/dax",
        "jsr:@david/which@0.4.2",
        "jsr:@ensemble/core",
        "jsr:@std/fmt@1.0.10",
        "jsr:@std/fs@1.0.24",
        "jsr:@std/path@1.1.6"
      ]
    },
    "@ensemble/kit-sdk@0.19.0": {
      "integrity": "b33579876eb68f347128bb11bf6ed1bda327d863d42fce62b41060619f1c4c47",
      "dependencies": [
        "jsr:@ensemble/core",
        "jsr:@ensemble/host"
      ]
    },
    "@std/assert@0.221.0": {
      "integrity": "a5f1aa6e7909dbea271754fd4ab3f4e687aeff4873b4cef9a320af813adb489a"
    },
    "@std/assert@1.0.14": {
      "integrity": "68d0d4a43b365abc927f45a9b85c639ea18a9fab96ad92281e493e4ed84abaa4",
      "dependencies": [
        "jsr:@std/internal@^1.0.10"
      ]
    },
    "@std/assert@1.0.19": {
      "integrity": "eaada96ee120cb980bc47e040f82814d786fe8162ecc53c91d8df60b8755991e",
      "dependencies": [
        "jsr:@std/internal@^1.0.12"
      ]
    },
    "@std/async@1.5.0": {
      "integrity": "4c1f22d287a17ad7d8643b1952bc5a4d21e5d8b68dc8c20d8268eecc69096e82"
    },
    "@std/bytes@0.221.0": {
      "integrity": "64a047011cf833890a4a2ab7293ac55a1b4f5a050624ebc6a0159c357de91966"
    },
    "@std/cli@1.0.32": {
      "integrity": "188b3a100d6202d64e3f5bd3d799c7fa4f6d77f92cc65eb7f641c1fa0aa92a66"
    },
    "@std/collections@1.3.0": {
      "integrity": "eb36b43d784477ea0b476483ac034a14bdd182aff921c812ecf662a1fcef9498"
    },
    "@std/data-structures@1.1.2": {
      "integrity": "2471377c9e0051f9ec34e57d0ebd0ad133a5a889677446ec6ba9938e4e102918"
    },
    "@std/dotenv@0.225.5": {
      "integrity": "9ce6f9d0ec3311f74a32535aa1b8c62ed88b1ab91b7f0815797d77a6f60c922f"
    },
    "@std/encoding@1.0.11": {
      "integrity": "e7cef2f0b3153bccc17431e7c864a1de03a4b6d9647389c43e08aaa775d37385"
    },
    "@std/fmt@1.0.10": {
      "integrity": "90dfba288802ac6de82fb31d0917eb9e4450b9925b954d5e51fc29ac07419db5"
    },
    "@std/fs@1.0.24": {
      "integrity": "f3061b45b81673a2bece689da041df32d174be064c89eb6397fb5718d3fb7877",
      "dependencies": [
        "jsr:@std/internal@^1.0.14",
        "jsr:@std/path@^1.1.5"
      ]
    },
    "@std/internal@1.0.14": {
      "integrity": "291516b3d4c35024d6ffbc0a9df5bf4c64116e05b50012cf846710152d2ffdf7"
    },
    "@std/io@0.221.0": {
      "integrity": "faf7f8700d46ab527fa05cc6167f4b97701a06c413024431c6b4d207caa010da",
      "dependencies": [
        "jsr:@std/assert@0.221",
        "jsr:@std/bytes"
      ]
    },
    "@std/path@1.1.6": {
      "integrity": "c68485c2a4dfbb5ae3cc74fae4e8c4e5d874cf8a8ed12927917235c758b46cbe",
      "dependencies": [
        "jsr:@std/internal@^1.0.14"
      ]
    },
    "@std/streams@0.221.0": {
      "integrity": "47f2f74634b47449277c0ee79fe878da4424b66bd8975c032e3afdca88986e61",
      "dependencies": [
        "jsr:@std/io"
      ]
    },
    "@std/streams@1.1.2": {
      "integrity": "0249bf9b78a999f57032ca4d8e7ccaa57579090242640b35ddc948fbb745d3af"
    },
    "@std/tar@0.1.10": {
      "integrity": "6bf907f3a4bc8bfef42973ba132d946756a6161ef6b914a9e1c06debe664db17",
      "dependencies": [
        "jsr:@std/streams@^1.0.17"
      ]
    },
    "@std/testing@1.0.16": {
      "integrity": "a917ffdeb5924c9be436dc78bc32e511760e14d3a96e49c607fc5ecca86d0092",
      "dependencies": [
        "jsr:@std/assert@^1.0.15",
        "jsr:@std/async",
        "jsr:@std/data-structures",
        "jsr:@std/fs@^1.0.19",
        "jsr:@std/internal@^1.0.12",
        "jsr:@std/path@^1.1.2"
      ]
    },
    "@std/toml@1.0.11": {
      "integrity": "e084988b872ca4bad6aedfb7350f6eeed0e8ba88e9ee5e1590621c5b5bb8f715",
      "dependencies": [
        "jsr:@std/collections"
      ]
    },
    "@std/yaml@1.1.2": {
      "integrity": "de612653c036749ba2044165e316f52412b0f0698afffb7ee80b5331d6d2abae"
    }
  },
  "npm": {
    "@babel/runtime@7.29.7": {
      "integrity": "sha512-Nq8OhGWiZIZGV6hLHoyAKLLcJihP/xFeBMGJoUrxTX2psI8dCifzLhZISFb+VWS3wFMRDmCGw5R+dOySCqPLhw=="
    },
    "@base-ui/react@1.6.0_@types+react@19.2.17_react@19.2.8_react-dom@19.2.8": {
      "integrity": "sha512-/jzjTWJYXhRFO45Bev9lc3cHbmjzCMpUqbMZ2AgKy/z25mY9B6shGSNcXcjQar9n5doM0KYW1W8fcFv2jZBuMw==",
      "dependencies": [
        "@babel/runtime",
        "@base-ui/utils",
        "@floating-ui/react-dom",
        "@floating-ui/utils",
        "@types/react",
        "react",
        "react-dom",
        "use-sync-external-store"
      ],
      "optionalPeers": [
        "@types/react"
      ]
    },
    "@base-ui/utils@0.3.1_@types+react@19.2.17_react@19.2.8_react-dom@19.2.8": {
      "integrity": "sha512-gFFiltORVmW/N6IILTGxizP3PBpVpysqML1ALY5Vk0mH+7faVkCknOU31goYHN5Aoek2dkjxva1XOD2Ce9WuIg==",
      "dependencies": [
        "@babel/runtime",
        "@floating-ui/utils",
        "@types/react",
        "react",
        "react-dom",
        "reselect",
        "use-sync-external-store"
      ],
      "optionalPeers": [
        "@types/react"
      ]
    },
    "@floating-ui/core@1.8.0": {
      "integrity": "sha512-0CIZ5itps/8x7BG8dEIhs53BvCUH2PCoogtakwRTut+Arm58sJooJ0AuZhLw2HJYIR5cMLNPBSS728sPho2khQ==",
      "dependencies": [
        "@floating-ui/utils"
      ]
    },
    "@floating-ui/dom@1.8.0": {
      "integrity": "sha512-yXSrzeHZBTZadLOlfyhCkJHNeLJnHRnRInwdZ40L7ZiaAtrBwoYlsDrX3v5zB1Utk7CLfzcOVnVVWoXEky7Ceg==",
      "dependencies": [
        "@floating-ui/core",
        "@floating-ui/utils"
      ]
    },
    "@floating-ui/react-dom@2.1.9_react@19.2.8_react-dom@19.2.8": {
      "integrity": "sha512-JDjEFGCpImxDCA7JJKviA0M9+RtmJdj0m/NVU5IMgBK+AmZouAQQ7/+2GLH0GXXY0YMw9oXPB8hKdbPYg5QLYg==",
      "dependencies": [
        "@floating-ui/dom",
        "react",
        "react-dom"
      ]
    },
    "@floating-ui/utils@0.2.12": {
      "integrity": "sha512-HpCo8tmWzLVad5s2d19EhAz5zqrrQ6s69qd6moPMQvkOuSwDT1YgRfWSVuc4ennqrgv3OHppiOGMQ7oC13yIww=="
    },
    "@open-policy-agent/opa-wasm@1.10.0": {
      "integrity": "sha512-ymR/nFS3nO9o24j9xowGGQaf+Gmb813QcxUpVZkfRlJkawKWqSIllnEH15agyWjijmOIyhA+OBErenx6N3jphw==",
      "dependencies": [
        "sprintf-js",
        "yaml"
      ]
    },
    "@types/react-dom@19.2.3_@types+react@19.2.17": {
      "integrity": "sha512-jp2L/eY6fn+KgVVQAOqYItbF0VY/YApe5Mz2F0aykSO8gx31bYCZyvSeYxCHKvzHG5eZjc+zyaS5BrBWya2+kQ==",
      "dependencies": [
        "@types/react"
      ]
    },
    "@types/react@19.2.17": {
      "integrity": "sha512-MXfmqaVPEVgkBT/aY0aGCkRWWtByiYQXo3xdQ8r5RzuFrPiRn8Gar2tQdXSUQ2GKV3bkXckek89V8wQBY2Q/Aw==",
      "dependencies": [
        "csstype"
      ]
    },
    "class-variance-authority@0.7.1": {
      "integrity": "sha512-Ka+9Trutv7G8M6WT6SeiRWz792K5qEqIGEGzXKhAE6xOWAY6pPH8U+9IY3oCMv6kqTmLsv7Xh/2w2RigkePMsg==",
      "dependencies": [
        "clsx"
      ]
    },
    "clsx@2.1.1": {
      "integrity": "sha512-eYm0QWBtUrBWZWG0d386OGAw16Z995PiOVo2B7bjWSbHedGl5e0ZWaq65kOGgUSNesEIDkB9ISbTg/JK9dhCZA=="
    },
    "csstype@3.2.3": {
      "integrity": "sha512-z1HGKcYy2xA8AGQfwrn0PAy+PB7X/GSj3UVJW9qKyn43xWa+gl5nXmU4qqLMRzWVLFC8KusUX8T/0kCiOYpAIQ=="
    },
    "lucide-react@1.28.0_react@19.2.8": {
      "integrity": "sha512-fARAFJULsGuDDydjp6+6blekG/sBIM29TerzLjc9bQUKAcEfrSc4ZQKb25KRz4OMKd87cZTb5dgq0w/T6KufVg==",
      "dependencies": [
        "react"
      ]
    },
    "path-to-regexp@8.4.2": {
      "integrity": "sha512-qRcuIdP69NPm4qbACK+aDogI5CBDMi1jKe0ry5rSQJz8JVLsC7jV8XpiJjGRLLol3N+R5ihGYcrPLTno6pAdBA=="
    },
    "react-dom@19.2.8_react@19.2.8": {
      "integrity": "sha512-rVprimfGBG3DR+Tq0IQG2DT5PxKth1WIGDmj5yPmlzr4YBe7uyE+Du4oVqTDXZSHGGGXRtTJEGSSePyQCMBglQ==",
      "dependencies": [
        "react",
        "scheduler"
      ]
    },
    "react@19.2.8": {
      "integrity": "sha512-PWaYA1L/q9u2u7xYQi+Y3L3Yfnie7XyLeaJICV1MGD6LprsBxcAqGjYyr0eY3p+QdsA+x/Irkt4Qif8D63+Sbw=="
    },
    "reselect@5.2.0": {
      "integrity": "sha512-AgZ3UOZm3YndfrJ4OYjgrT7bmCm/1iqkjvEfH/oYjzh6PD2qw4QuT3jjnXIrpdt4MTpMXclMT3lXbmRY+XRakw=="
    },
    "scheduler@0.27.0": {
      "integrity": "sha512-eNv+WrVbKu1f3vbYJT/xtiF5syA5HPIMtf9IgY/nKg0sWqzAUEvqY/xm7OcZc/qafLx/iO9FgOmeSAp4v5ti/Q=="
    },
    "sprintf-js@1.1.3": {
      "integrity": "sha512-Oo+0REFV59/rz3gfJNKQiBlwfHaSESl1pcGyABQsnnIfWOFt6JNj5gCog2U6MLZ//IGYD+nA8nI+mTShREReaA=="
    },
    "tailwind-merge@3.6.0": {
      "integrity": "sha512-uxL7qAVQriqRQPAyK3pj66VqskWqoZ37PW94jwOTwNfq/z9oyu1V+eqrZqtR2+fCiXdYOZe/Modt8GtvqNzu+w=="
    },
    "use-sync-external-store@1.6.0_react@19.2.8": {
      "integrity": "sha512-Pp6GSwGP/NrPIrxVFAIkOQeyw8lFenOHijQWkUTrDvrF4ALqylP2C/KCkeS9dpUM3KvYRQhna5vt7IL95+ZQ9w==",
      "dependencies": [
        "react"
      ]
    },
    "yaml@1.10.3": {
      "integrity": "sha512-vIYeF1u3CjlhAFekPPAk2h/Kv4T3mAkMox5OymRiJQB0spDP10LHvt+K7G9Ny6NuuMAb25/6n1qyUjAcGNf/AA=="
    }
  },
  "workspace": {
    "members": {
      ".ensemble/kits/build/deno.bundle": {
        "dependencies": [
          "jsr:@david/dax@0.42.0",
          "jsr:@ensemble/kit-sdk@*",
          "jsr:@std/fs@1.0.24",
          "jsr:@std/path@1.1.6"
        ]
      },
      ".ensemble/kits/build/react": {
        "dependencies": [
          "jsr:@david/dax@0.42.0",
          "jsr:@ensemble/kit-sdk@*",
          "jsr:@std/fs@1.0.24",
          "jsr:@std/path@1.1.6"
        ]
      },
      ".ensemble/kits/deploy/aws": {
        "dependencies": [
          "jsr:@ensemble/kit-sdk@*",
          "jsr:@std/assert@^1.0.19",
          "jsr:@std/path@1.1.6",
          "jsr:@std/testing@1.0.16",
          "jsr:@std/yaml@1.1.2"
        ]
      },
      ".ensemble/kits/deploy/compose": {
        "dependencies": [
          "jsr:@ensemble/kit-sdk@*",
          "jsr:@std/assert@^1.0.19",
          "jsr:@std/path@1.1.6",
          "jsr:@std/testing@1.0.16",
          "jsr:@std/yaml@1.1.2"
        ]
      },
      ".ensemble/kits/lib/jsr": {
        "dependencies": [
          "jsr:@david/dax@0.42.0",
          "jsr:@ensemble/kit-sdk@*",
          "jsr:@std/assert@1.0.14",
          "jsr:@std/path@1.1.6"
        ]
      },
      ".ensemble/kits/pack/deno.compile": {
        "dependencies": [
          "jsr:@david/dax@0.42.0",
          "jsr:@ensemble/kit-sdk@*",
          "jsr:@std/fs@1.0.24",
          "jsr:@std/path@1.1.6",
          "jsr:@std/yaml@1.1.2"
        ]
      },
      ".ensemble/kits/pack/docker": {
        "dependencies": [
          "jsr:@david/dax@0.42.0",
          "jsr:@ensemble/kit-sdk@*",
          "jsr:@std/fs@1.0.24",
          "jsr:@std/path@1.1.6"
        ]
      },
      "source/apps/guard/embedded": {
        "dependencies": [
          "jsr:@duesabati/evento@1",
          "jsr:@std/assert@1.0.14"
        ]
      },
      "source/apps/guard/standalone": {
        "dependencies": [
          "jsr:@duesabati/evento@1",
          "jsr:@std/assert@1.0.14"
        ]
      },
      "source/apps/judge/server": {
        "dependencies": [
          "jsr:@duesabati/evento@1",
          "jsr:@std/assert@1.0.14"
        ]
      },
      "source/apps/policy/builder": {
        "dependencies": [
          "jsr:@duesabati/evento@1",
          "jsr:@std/assert@1.0.14",
          "jsr:@std/path@^1.1.2",
          "jsr:@std/tar@~0.1.10"
        ]
      },
      "source/core/access": {
        "dependencies": [
          "jsr:@std/assert@1.0.14"
        ]
      },
      "source/core/distribution": {
        "dependencies": [
          "jsr:@duesabati/evento@1",
          "jsr:@std/assert@1.0.14",
          "jsr:@std/encoding@^1.0.10"
        ]
      },
      "source/core/guard": {
        "dependencies": [
          "jsr:@duesabati/evento@1",
          "jsr:@std/assert@1.0.14",
          "jsr:@std/yaml@1.1.2",
          "npm:path-to-regexp@8.4.2"
        ]
      },
      "source/core/judge": {
        "dependencies": [
          "jsr:@duesabati/evento@1",
          "jsr:@std/assert@1.0.14",
          "jsr:@std/yaml@1.1.2"
        ]
      },
      "source/core/opa": {
        "dependencies": [
          "jsr:@std/assert@1.0.14",
          "npm:@open-policy-agent/opa-wasm@1.10.0"
        ]
      },
      "source/core/policy": {
        "dependencies": [
          "jsr:@std/assert@1.0.14",
          "jsr:@std/yaml@1.1.2"
        ]
      },
      "source/libs/environment": {
        "dependencies": [
          "jsr:@std/assert@1.0.14"
        ]
      },
      "source/libs/log": {
        "dependencies": [
          "jsr:@std/assert@1.0.14"
        ]
      },
      "source/libs/ui": {
        "dependencies": [
          "npm:@base-ui/react@1.6.0",
          "npm:@types/react-dom@19",
          "npm:@types/react@19",
          "npm:class-variance-authority@0.7.1",
          "npm:clsx@2.1.1",
          "npm:lucide-react@1.28.0",
          "npm:react-dom@19.2.8",
          "npm:react@19.2.8",
          "npm:tailwind-merge@3.6.0"
        ]
      }
    }
  }
}
