{
  "version": "5",
  "specifiers": {
    "jsr:@duesabati/evento@1": "1.0.0",
    "jsr:@std/assert@1.0.14": "1.0.14",
    "jsr:@std/collections@^1.1.3": "1.3.0",
    "jsr:@std/internal@^1.0.10": "1.0.14",
    "jsr:@std/toml@1": "1.0.11",
    "jsr:@std/yaml@1": "1.1.2",
    "jsr:@std/yaml@1.1.2": "1.1.2",
    "npm:@open-policy-agent/opa-wasm@1.10.0": "1.10.0",
    "npm:@types/react-dom@19": "19.2.3_@types+react@19.2.17",
    "npm:@types/react@19": "19.2.17",
    "npm:path-to-regexp@8": "8.4.2",
    "npm:path-to-regexp@8.4.2": "8.4.2",
    "npm:react-dom@19.2.8": "19.2.8_react@19.2.8",
    "npm:react@19.2.8": "19.2.8"
  },
  "jsr": {
    "@duesabati/evento@1.0.0": {
      "integrity": "7459da8806cf41e417aa8e249f9d3f1fbcd273fafcf7760020f0868776cad2e3"
    },
    "@std/assert@1.0.14": {
      "integrity": "68d0d4a43b365abc927f45a9b85c639ea18a9fab96ad92281e493e4ed84abaa4",
      "dependencies": [
        "jsr:@std/internal"
      ]
    },
    "@std/collections@1.3.0": {
      "integrity": "eb36b43d784477ea0b476483ac034a14bdd182aff921c812ecf662a1fcef9498"
    },
    "@std/internal@1.0.14": {
      "integrity": "291516b3d4c35024d6ffbc0a9df5bf4c64116e05b50012cf846710152d2ffdf7"
    },
    "@std/toml@1.0.11": {
      "integrity": "e084988b872ca4bad6aedfb7350f6eeed0e8ba88e9ee5e1590621c5b5bb8f715",
      "dependencies": [
        "jsr:@std/collections"
      ]
    },
    "@std/yaml@1.1.2": {
      "integrity": "de612653c036749ba2044165e316f52412b0f0698afffb7ee80b5331d6d2abae"
    }
  },
  "npm": {
    "@open-policy-agent/opa-wasm@1.10.0": {
      "integrity": "sha512-ymR/nFS3nO9o24j9xowGGQaf+Gmb813QcxUpVZkfRlJkawKWqSIllnEH15agyWjijmOIyhA+OBErenx6N3jphw==",
      "dependencies": [
        "sprintf-js",
        "yaml"
      ]
    },
    "@types/react-dom@19.2.3_@types+react@19.2.17": {
      "integrity": "sha512-jp2L/eY6fn+KgVVQAOqYItbF0VY/YApe5Mz2F0aykSO8gx31bYCZyvSeYxCHKvzHG5eZjc+zyaS5BrBWya2+kQ==",
      "dependencies": [
        "@types/react"
      ]
    },
    "@types/react@19.2.17": {
      "integrity": "sha512-MXfmqaVPEVgkBT/aY0aGCkRWWtByiYQXo3xdQ8r5RzuFrPiRn8Gar2tQdXSUQ2GKV3bkXckek89V8wQBY2Q/Aw==",
      "dependencies": [
        "csstype"
      ]
    },
    "csstype@3.2.3": {
      "integrity": "sha512-z1HGKcYy2xA8AGQfwrn0PAy+PB7X/GSj3UVJW9qKyn43xWa+gl5nXmU4qqLMRzWVLFC8KusUX8T/0kCiOYpAIQ=="
    },
    "path-to-regexp@8.4.2": {
      "integrity": "sha512-qRcuIdP69NPm4qbACK+aDogI5CBDMi1jKe0ry5rSQJz8JVLsC7jV8XpiJjGRLLol3N+R5ihGYcrPLTno6pAdBA=="
    },
    "react-dom@19.2.8_react@19.2.8": {
      "integrity": "sha512-rVprimfGBG3DR+Tq0IQG2DT5PxKth1WIGDmj5yPmlzr4YBe7uyE+Du4oVqTDXZSHGGGXRtTJEGSSePyQCMBglQ==",
      "dependencies": [
        "react",
        "scheduler"
      ]
    },
    "react@19.2.8": {
      "integrity": "sha512-PWaYA1L/q9u2u7xYQi+Y3L3Yfnie7XyLeaJICV1MGD6LprsBxcAqGjYyr0eY3p+QdsA+x/Irkt4Qif8D63+Sbw=="
    },
    "scheduler@0.27.0": {
      "integrity": "sha512-eNv+WrVbKu1f3vbYJT/xtiF5syA5HPIMtf9IgY/nKg0sWqzAUEvqY/xm7OcZc/qafLx/iO9FgOmeSAp4v5ti/Q=="
    },
    "sprintf-js@1.1.3": {
      "integrity": "sha512-Oo+0REFV59/rz3gfJNKQiBlwfHaSESl1pcGyABQsnnIfWOFt6JNj5gCog2U6MLZ//IGYD+nA8nI+mTShREReaA=="
    },
    "yaml@1.10.3": {
      "integrity": "sha512-vIYeF1u3CjlhAFekPPAk2h/Kv4T3mAkMox5OymRiJQB0spDP10LHvt+K7G9Ny6NuuMAb25/6n1qyUjAcGNf/AA=="
    }
  },
  "workspace": {
    "members": {
      ".ensemble/kits/build/deno.bundle": {
        "dependencies": [
          "jsr:@david/dax@0.42.0",
          "jsr:@ensemble/kit-sdk@*",
          "jsr:@std/fs@1.0.24",
          "jsr:@std/path@1.1.6"
        ]
      },
      ".ensemble/kits/build/react": {
        "dependencies": [
          "jsr:@david/dax@0.42.0",
          "jsr:@ensemble/kit-sdk@*",
          "jsr:@std/fs@1.0.24",
          "jsr:@std/path@1.1.6"
        ]
      },
      ".ensemble/kits/deploy/aws": {
        "dependencies": [
          "jsr:@ensemble/kit-sdk@*",
          "jsr:@std/assert@^1.0.19",
          "jsr:@std/path@1.1.6",
          "jsr:@std/testing@1.0.16",
          "jsr:@std/yaml@1.1.2"
        ]
      },
      ".ensemble/kits/deploy/compose": {
        "dependencies": [
          "jsr:@ensemble/kit-sdk@*",
          "jsr:@std/assert@^1.0.19",
          "jsr:@std/path@1.1.6",
          "jsr:@std/testing@1.0.16",
          "jsr:@std/yaml@1.1.2"
        ]
      },
      ".ensemble/kits/lib/jsr": {
        "dependencies": [
          "jsr:@david/dax@0.42.0",
          "jsr:@ensemble/kit-sdk@*",
          "jsr:@std/assert@1.0.14",
          "jsr:@std/path@1.1.6"
        ]
      },
      ".ensemble/kits/pack/deno.compile": {
        "dependencies": [
          "jsr:@david/dax@0.42.0",
          "jsr:@ensemble/kit-sdk@*",
          "jsr:@std/fs@1.0.24",
          "jsr:@std/path@1.1.6",
          "jsr:@std/yaml@1.1.2"
        ]
      },
      ".ensemble/kits/pack/docker": {
        "dependencies": [
          "jsr:@david/dax@0.42.0",
          "jsr:@ensemble/kit-sdk@*",
          "jsr:@std/fs@1.0.24",
          "jsr:@std/path@1.1.6"
        ]
      },
      "source/apps/guard/embedded": {
        "dependencies": [
          "jsr:@duesabati/evento@1",
          "jsr:@std/assert@1.0.14"
        ]
      },
      "source/apps/guard/standalone": {
        "dependencies": [
          "jsr:@duesabati/evento@1",
          "jsr:@std/assert@1.0.14"
        ]
      },
      "source/apps/judge/server": {
        "dependencies": [
          "jsr:@std/assert@1.0.14"
        ]
      },
      "source/apps/web": {
        "dependencies": [
          "jsr:@ritaj/ui@*",
          "npm:@types/react-dom@19",
          "npm:@types/react@19",
          "npm:react-dom@19.2.8",
          "npm:react-router@7.18.2",
          "npm:react@19.2.8"
        ]
      },
      "source/core/access": {
        "dependencies": [
          "jsr:@std/assert@1.0.14"
        ]
      },
      "source/core/guard": {
        "dependencies": [
          "jsr:@duesabati/evento@1",
          "jsr:@std/assert@1.0.14",
          "jsr:@std/yaml@1.1.2",
          "npm:path-to-regexp@8.4.2"
        ]
      },
      "source/core/judge": {
        "dependencies": [
          "jsr:@duesabati/evento@1",
          "jsr:@std/assert@1.0.14",
          "jsr:@std/yaml@1.1.2"
        ]
      },
      "source/core/opa": {
        "dependencies": [
          "jsr:@std/assert@1.0.14",
          "npm:@open-policy-agent/opa-wasm@1.10.0"
        ]
      },
      "source/core/policy": {
        "dependencies": [
          "jsr:@std/assert@1.0.14"
        ]
      },
      "source/libs/environment": {
        "dependencies": [
          "jsr:@std/assert@1.0.14"
        ]
      },
      "source/libs/log": {
        "dependencies": [
          "jsr:@std/assert@1.0.14"
        ]
      },
      "source/libs/ui": {
        "dependencies": [
          "npm:@base-ui/react@1.6.0",
          "npm:@types/react-dom@19",
          "npm:@types/react@19",
          "npm:class-variance-authority@0.7.1",
          "npm:clsx@2.1.1",
          "npm:lucide-react@1.28.0",
          "npm:react-dom@19.2.8",
          "npm:react@19.2.8",
          "npm:tailwind-merge@3.6.0"
        ]
      }
    }
  }
}
