{
  "version": "5",
  "specifiers": {
    "jsr:@std/assert@1.0.14": "1.0.14",
    "jsr:@std/collections@^1.1.3": "1.3.0",
    "jsr:@std/internal@^1.0.10": "1.0.14",
    "jsr:@std/toml@1": "1.0.11",
    "jsr:@std/yaml@1": "1.1.2",
    "jsr:@std/yaml@1.1.2": "1.1.2",
    "npm:@open-policy-agent/opa-wasm@1.10.0": "1.10.0",
    "npm:path-to-regexp@8": "8.4.2",
    "npm:path-to-regexp@8.4.2": "8.4.2"
  },
  "jsr": {
    "@std/assert@1.0.14": {
      "integrity": "68d0d4a43b365abc927f45a9b85c639ea18a9fab96ad92281e493e4ed84abaa4",
      "dependencies": [
        "jsr:@std/internal"
      ]
    },
    "@std/collections@1.3.0": {
      "integrity": "eb36b43d784477ea0b476483ac034a14bdd182aff921c812ecf662a1fcef9498"
    },
    "@std/internal@1.0.14": {
      "integrity": "291516b3d4c35024d6ffbc0a9df5bf4c64116e05b50012cf846710152d2ffdf7"
    },
    "@std/toml@1.0.11": {
      "integrity": "e084988b872ca4bad6aedfb7350f6eeed0e8ba88e9ee5e1590621c5b5bb8f715",
      "dependencies": [
        "jsr:@std/collections"
      ]
    },
    "@std/yaml@1.1.2": {
      "integrity": "de612653c036749ba2044165e316f52412b0f0698afffb7ee80b5331d6d2abae"
    }
  },
  "npm": {
    "@open-policy-agent/opa-wasm@1.10.0": {
      "integrity": "sha512-ymR/nFS3nO9o24j9xowGGQaf+Gmb813QcxUpVZkfRlJkawKWqSIllnEH15agyWjijmOIyhA+OBErenx6N3jphw==",
      "dependencies": [
        "sprintf-js",
        "yaml"
      ]
    },
    "path-to-regexp@8.4.2": {
      "integrity": "sha512-qRcuIdP69NPm4qbACK+aDogI5CBDMi1jKe0ry5rSQJz8JVLsC7jV8XpiJjGRLLol3N+R5ihGYcrPLTno6pAdBA=="
    },
    "sprintf-js@1.1.3": {
      "integrity": "sha512-Oo+0REFV59/rz3gfJNKQiBlwfHaSESl1pcGyABQsnnIfWOFt6JNj5gCog2U6MLZ//IGYD+nA8nI+mTShREReaA=="
    },
    "yaml@1.10.3": {
      "integrity": "sha512-vIYeF1u3CjlhAFekPPAk2h/Kv4T3mAkMox5OymRiJQB0spDP10LHvt+K7G9Ny6NuuMAb25/6n1qyUjAcGNf/AA=="
    }
  },
  "workspace": {
    "members": {
      ".ensemble/kits/build/deno.bundle": {
        "dependencies": [
          "jsr:@david/dax@0.42.0",
          "jsr:@ensemble/core@*",
          "jsr:@ensemble/kit-sdk@*",
          "jsr:@std/path@1.1.6"
        ]
      },
      ".ensemble/kits/build/react.spa": {
        "dependencies": [
          "jsr:@david/dax@0.42.0",
          "jsr:@ensemble/core@*",
          "jsr:@ensemble/kit-sdk@*",
          "jsr:@std/fs@1.0.24",
          "jsr:@std/path@1.1.6"
        ]
      },
      ".ensemble/kits/pack/deno.compile": {
        "dependencies": [
          "jsr:@david/dax@0.42.0",
          "jsr:@ensemble/core@*",
          "jsr:@ensemble/kit-sdk@*",
          "jsr:@std/fs@1.0.24",
          "jsr:@std/path@1.1.6",
          "jsr:@std/yaml@1.1.2"
        ]
      },
      ".ensemble/kits/pack/docker": {
        "dependencies": [
          "jsr:@david/dax@0.42.0",
          "jsr:@ensemble/kit-sdk@*",
          "jsr:@std/fs@1.0.24",
          "jsr:@std/path@1.1.6"
        ]
      },
      "source/core/guard": {
        "dependencies": [
          "jsr:@std/assert@1.0.14",
          "jsr:@std/yaml@1.1.2",
          "npm:path-to-regexp@8.4.2"
        ]
      },
      "source/core/judge": {
        "dependencies": [
          "jsr:@std/assert@1.0.14"
        ]
      },
      "source/core/judge-opa": {
        "dependencies": [
          "jsr:@std/assert@1.0.14",
          "npm:@open-policy-agent/opa-wasm@1.10.0"
        ]
      }
    }
  }
}
